
Microsoft Visual Studio Solution File, Format Version 12.00
# Visual Studio Version 16
VisualStudioVersion = 16.0.33027.164
MinimumVisualStudioVersion = 10.0.40219.1
Project("{FAE04EC0-301F-11D3-BF4B-00C04F79EFBC}") = "OPP_5", "OPP_5\OPP_5.csproj", "{2EFB8C5A-AE08-486F-BB05-0E5991070DC5}"
EndProject
Global
	GlobalSection(SolutionConfigurationPlatforms) = preSolution
		Debug|Any CPU = Debug|Any CPU
		Release|Any CPU = Release|Any CPU
	EndGlobalSection
	GlobalSection(ProjectConfigurationPlatforms) = postSolution
		{2EFB8C5A-AE08-486F-BB05-0E5991070DC5}.Debug|Any CPU.ActiveCfg = Debug|Any CPU
		{2EFB8C5A-AE08-486F-BB05-0E5991070DC5}.Debug|Any CPU.Build.0 = Debug|Any CPU
		{2EFB8C5A-AE08-486F-BB05-0E5991070DC5}.Release|Any CPU.ActiveCfg = Release|Any CPU
		{2EFB8C5A-AE08-486F-BB05-0E5991070DC5}.Release|Any CPU.Build.0 = Release|Any CPU
	EndGlobalSection
	GlobalSection(SolutionProperties) = preSolution
		HideSolutionNode = FALSE
	EndGlobalSection
	GlobalSection(ExtensibilityGlobals) = postSolution
		SolutionGuid = {8AD3329D-8379-4D05-924B-D7DE46DB5796}
	EndGlobalSection
EndGlobal
