
Microsoft Visual Studio Solution File, Format Version 12.00
# Visual Studio Version 16
VisualStudioVersion = 16.0.33027.164
MinimumVisualStudioVersion = 10.0.40219.1
Project("{FAE04EC0-301F-11D3-BF4B-00C04F79EFBC}") = "OPP_6", "OPP_6\OPP_6.csproj", "{A26CD62A-E34B-443C-85A8-92A62AE65E4B}"
EndProject
Global
	GlobalSection(SolutionConfigurationPlatforms) = preSolution
		Debug|Any CPU = Debug|Any CPU
		Release|Any CPU = Release|Any CPU
	EndGlobalSection
	GlobalSection(ProjectConfigurationPlatforms) = postSolution
		{A26CD62A-E34B-443C-85A8-92A62AE65E4B}.Debug|Any CPU.ActiveCfg = Debug|Any CPU
		{A26CD62A-E34B-443C-85A8-92A62AE65E4B}.Debug|Any CPU.Build.0 = Debug|Any CPU
		{A26CD62A-E34B-443C-85A8-92A62AE65E4B}.Release|Any CPU.ActiveCfg = Release|Any CPU
		{A26CD62A-E34B-443C-85A8-92A62AE65E4B}.Release|Any CPU.Build.0 = Release|Any CPU
	EndGlobalSection
	GlobalSection(SolutionProperties) = preSolution
		HideSolutionNode = FALSE
	EndGlobalSection
	GlobalSection(ExtensibilityGlobals) = postSolution
		SolutionGuid = {29700CA3-2B85-44CD-8FA1-5892EB86F226}
	EndGlobalSection
EndGlobal
